lockfileVersion: 5.4

specifiers:
  '@statoscope/webpack-plugin': ^5.24.0

dependencies:
  '@statoscope/webpack-plugin': 5.24.0

packages:

  /@discoveryjs/json-ext/0.5.7:
    resolution: {integrity: sha512-dBVuXR082gk3jsFp7Rd/JI4kytwGHecnCoTtXFb7DB6CNHp4rg5k1bhg0nWdLGLnOV71lmDzGQaLMy8iPLY0pw==}
    engines: {node: '>=10.0.0'}
    dev: false

  /@discoveryjs/natural-compare/1.0.0:
    resolution: {integrity: sha512-Pq35vJMxLZq4whZhyaMGO/89mmFee2+6NojaXD2bNo+7CxI6P7C1tncgQ0CM60+WueRMr8uFDKSX/8KitImCQg==}
    engines: {node: ^10 || ^12.20.0 || ^14.13.0 || >=15.0.0, npm: '>=7.0.0'}
    dev: false

  /@statoscope/extensions/5.14.1:
    resolution: {integrity: sha512-5O31566+bOkkdYFH81mGGBTh0YcU0zoYurTrsK5uZfpNY87ZCPpptrszX8npTRHNsxbjBBNt7vAwImJyYdhzLw==}
    dev: false

  /@statoscope/helpers/5.24.0:
    resolution: {integrity: sha512-PhCynDA+FHB1DuuHlMeVnETRRDfgKrQTGey2jhBdHzd/Gae/GuwDcnFxiRVMIA97UQM8EwyE/hc0sF6dpPXd9w==}
    dependencies:
      '@types/archy': 0.0.32
      '@types/semver': 7.3.12
      archy: 1.0.0
      jora: 1.0.0-beta.7
      semver: 7.3.7
    dev: false

  /@statoscope/report-writer/5.22.0:
    resolution: {integrity: sha512-oEIlfsMSwBM8PcHnHDwhgMz5fyDgu10oAVFwuQSJFBUXMwaZ/46ewr1kfAcUNc8CkOIolhO6EIo/e0ZjcVCR1g==}
    dependencies:
      '@discoveryjs/json-ext': 0.5.7
    dev: false

  /@statoscope/stats-extension-compressed/5.24.0:
    resolution: {integrity: sha512-QRgTY7wnJhB5BjV2OHt2e3E8rLi+53LEJ2q7KZDjRMNZNGY6G1LPIuHTCAUlcLNxDbaeATqkioTVRyf2v9SjPQ==}
    dependencies:
      '@statoscope/helpers': 5.24.0
      gzip-size: 6.0.0
    dev: false

  /@statoscope/stats-extension-custom-reports/5.24.0:
    resolution: {integrity: sha512-n20dL3WYrwla8eCYNtHY0AdcBuyHiaW1F2gQBsJqV3PJzIYBijo/f1dHl2p8hzVDQmJ/QYWNwsbTvr1GQGdseg==}
    dependencies:
      '@statoscope/extensions': 5.14.1
      '@statoscope/helpers': 5.24.0
      '@statoscope/stats': 5.14.1
      '@statoscope/types': 5.22.0
    dev: false

  /@statoscope/stats-extension-package-info/5.24.0:
    resolution: {integrity: sha512-L7UtVb5CwG2dMZdVrGjok4+0ryEASO1rr8Kf/QzcQNIHb8mG5VSYRFBlcFfvvC/PNKafxoexbwhiSGZEtggwqw==}
    dependencies:
      '@statoscope/helpers': 5.24.0
    dev: false

  /@statoscope/stats-extension-stats-validation-result/5.24.0:
    resolution: {integrity: sha512-++8hX2cb0CpIM+gqLwIl9N/ISJHTKtrQXwsl9CSlds3K4D49BwC2cULlvhGdjVRMf7U1RI0COL9dj79K7iK5Ig==}
    dependencies:
      '@statoscope/extensions': 5.14.1
      '@statoscope/helpers': 5.24.0
      '@statoscope/stats': 5.14.1
      '@statoscope/types': 5.22.0
    dev: false

  /@statoscope/stats/5.14.1:
    resolution: {integrity: sha512-Kz7kCKuT6DXaqAPfyTwp27xHMDUna9o6UlRSQXXBZ8Yyk7eYYvTNw+5ffRyqivL9IOzD7FQYDQ6VUBHh0UfyDw==}
    dev: false

  /@statoscope/types/5.22.0:
    resolution: {integrity: sha512-FHgunU7M95v7c71pvQ2nr8bWy1QcTDOHSnkoFQErORH9RmxlK9oRkoWrO8BJpnxa55m/9ZHjFVmpLF4SsVGHoA==}
    dependencies:
      '@statoscope/stats': 5.14.1
    dev: false

  /@statoscope/webpack-model/5.24.0:
    resolution: {integrity: sha512-6XHhTbA4Vw8LKUGLuRvsNUUgiiGAvqciUMQRjovf2xNRT2a3rCP7L3QKOntEvIBcKzNGuQ0T+L5sKF8pqiI3mA==}
    dependencies:
      '@statoscope/extensions': 5.14.1
      '@statoscope/helpers': 5.24.0
      '@statoscope/stats': 5.14.1
      '@statoscope/stats-extension-compressed': 5.24.0
      '@statoscope/stats-extension-custom-reports': 5.24.0
      '@statoscope/stats-extension-package-info': 5.24.0
      '@statoscope/stats-extension-stats-validation-result': 5.24.0
      '@statoscope/types': 5.22.0
      md5: 2.3.0
    dev: false

  /@statoscope/webpack-plugin/5.24.0:
    resolution: {integrity: sha512-8GX0ULmvwZRAqQClLMdzV1L/Y9PBJZTwBTXiiKzU4+vypRiI7VA+fz9aZ2XGWErVonXbrIvclj2IAQMbz/z2YQ==}
    peerDependencies:
      webpack: ^4.0.0 || ^5.0.0
    dependencies:
      '@discoveryjs/json-ext': 0.5.7
      '@statoscope/report-writer': 5.22.0
      '@statoscope/stats': 5.14.1
      '@statoscope/stats-extension-compressed': 5.24.0
      '@statoscope/stats-extension-custom-reports': 5.24.0
      '@statoscope/types': 5.22.0
      '@statoscope/webpack-model': 5.24.0
      '@statoscope/webpack-stats-extension-compressed': 5.24.0
      '@statoscope/webpack-stats-extension-package-info': 5.24.0
      '@statoscope/webpack-ui': 5.24.0
      open: 8.4.0
    dev: false

  /@statoscope/webpack-stats-extension-compressed/5.24.0:
    resolution: {integrity: sha512-yJyYo/TC393MZcA/txnd/37WubSdGNpVAncFlifVtJoGgsD9GrqltN8aUiaVPBDy/r4N4qP9+8T6OQ/Ha4J4DA==}
    peerDependencies:
      webpack: ^4.0.0 || ^5.0.0
    dependencies:
      '@statoscope/stats': 5.14.1
      '@statoscope/stats-extension-compressed': 5.24.0
      '@statoscope/webpack-model': 5.24.0
    dev: false

  /@statoscope/webpack-stats-extension-package-info/5.24.0:
    resolution: {integrity: sha512-AXtYSbvyyFdgn1H/bnE2gu0oEhKBiHbeZA/gCJM+hEWOwGWnz61+qiPxYj2QnOnXN8XmjHho3jf0Gd4eW3dJfw==}
    peerDependencies:
      webpack: ^4.0.0 || ^5.0.0
    dependencies:
      '@statoscope/stats': 5.14.1
      '@statoscope/stats-extension-package-info': 5.24.0
      '@statoscope/webpack-model': 5.24.0
    dev: false

  /@statoscope/webpack-ui/5.24.0:
    resolution: {integrity: sha512-tqNH1O7WE8dVa2WknmmM4j7mYD6mna3TKRLRYmiAwg6W/RICVAxXwZy1v9uKN9+pfa6By0hI3mWiYS7V1seh2w==}
    dependencies:
      '@statoscope/types': 5.22.0
    dev: false

  /@types/archy/0.0.32:
    resolution: {integrity: sha512-5ZZ5+YGmUE01yejiXsKnTcvhakMZ2UllZlMsQni53Doc1JWhe21ia8VntRoRD6fAEWw08JBh/z9qQHJ+//MrIg==}
    dev: false

  /@types/semver/7.3.12:
    resolution: {integrity: sha512-WwA1MW0++RfXmCr12xeYOOC5baSC9mSb0ZqCquFzKhcoF4TvHu5MKOuXsncgZcpVFhB1pXd5hZmM0ryAoCp12A==}
    dev: false

  /archy/1.0.0:
    resolution: {integrity: sha512-Xg+9RwCg/0p32teKdGMPTPnVXKD0w3DfHnFTficozsAgsvq2XenPJq/MYpzzQ/v8zrOyJn6Ds39VA4JIDwFfqw==}
    dev: false

  /charenc/0.0.2:
    resolution: {integrity: sha512-yrLQ/yVUFXkzg7EDQsPieE/53+0RlaWTs+wBrvW36cyilJ2SaDWfl4Yj7MtLTXleV9uEKefbAGUPv2/iWSooRA==}
    dev: false

  /crypt/0.0.2:
    resolution: {integrity: sha512-mCxBlsHFYh9C+HVpiEacem8FEBnMXgU9gy4zmNC+SXAZNB/1idgp/aulFJ4FgCi7GPEVbfyng092GqL2k2rmow==}
    dev: false

  /define-lazy-prop/2.0.0:
    resolution: {integrity: sha512-Ds09qNh8yw3khSjiJjiUInaGX9xlqZDY7JVryGxdxV7NPeuqQfplOpQ66yJFZut3jLa5zOwkXw1g9EI2uKh4Og==}
    engines: {node: '>=8'}
    dev: false

  /duplexer/0.1.2:
    resolution: {integrity: sha512-jtD6YG370ZCIi/9GTaJKQxWTZD045+4R4hTk/x1UyoqadyJ9x9CgSi1RlVDQF8U2sxLLSnFkCaMihqljHIWgMg==}
    dev: false

  /gzip-size/6.0.0:
    resolution: {integrity: sha512-ax7ZYomf6jqPTQ4+XCpUGyXKHk5WweS+e05MBO4/y3WJ5RkmPXNKvX+bx1behVILVwr6JSQvZAku021CHPXG3Q==}
    engines: {node: '>=10'}
    dependencies:
      duplexer: 0.1.2
    dev: false

  /is-buffer/1.1.6:
    resolution: {integrity: sha512-NcdALwpXkTm5Zvvbk7owOUSvVvBKDgKP5/ewfXEznmQFfs4ZRmanOeKBTjRVjka3QFoN6XJ+9F3USqfHqTaU5w==}
    dev: false

  /is-docker/2.2.1:
    resolution: {integrity: sha512-F+i2BKsFrH66iaUFc0woD8sLy8getkwTwtOBjvs56Cx4CgJDeKQeqfz8wAYiSb8JOprWhHH5p77PbmYCvvUuXQ==}
    engines: {node: '>=8'}
    hasBin: true
    dev: false

  /is-wsl/2.2.0:
    resolution: {integrity: sha512-fKzAra0rGJUUBwGBgNkHZuToZcn+TtXHpeCgmkMJMMYx1sQDYaCSyjJBSCa2nH1DGm7s3n1oBnohoVTBaN7Lww==}
    engines: {node: '>=8'}
    dependencies:
      is-docker: 2.2.1
    dev: false

  /jora/1.0.0-beta.7:
    resolution: {integrity: sha512-7Mq37XUPQM/fEetH8Z4iHTABWgoq64UL9mIRfssX1b0Ogns3TqbOS0UIV7gwQ3D0RshfLJzGgbbW17UyFjxSLQ==}
    engines: {node: ^10.12.0 || ^12.20.0 || ^14.13.0 || >=15.0.0}
    dependencies:
      '@discoveryjs/natural-compare': 1.0.0
    dev: false

  /lru-cache/6.0.0:
    resolution: {integrity: sha512-Jo6dJ04CmSjuznwJSS3pUeWmd/H0ffTlkXXgwZi+eq1UCmqQwCh+eLsYOYCwY991i2Fah4h1BEMCx4qThGbsiA==}
    engines: {node: '>=10'}
    dependencies:
      yallist: 4.0.0
    dev: false

  /md5/2.3.0:
    resolution: {integrity: sha512-T1GITYmFaKuO91vxyoQMFETst+O71VUPEU3ze5GNzDm0OWdP8v1ziTaAEPUr/3kLsY3Sftgz242A1SetQiDL7g==}
    dependencies:
      charenc: 0.0.2
      crypt: 0.0.2
      is-buffer: 1.1.6
    dev: false

  /open/8.4.0:
    resolution: {integrity: sha512-XgFPPM+B28FtCCgSb9I+s9szOC1vZRSwgWsRUA5ylIxRTgKozqjOCrVOqGsYABPYK5qnfqClxZTFBa8PKt2v6Q==}
    engines: {node: '>=12'}
    dependencies:
      define-lazy-prop: 2.0.0
      is-docker: 2.2.1
      is-wsl: 2.2.0
    dev: false

  /semver/7.3.7:
    resolution: {integrity: sha512-QlYTucUYOews+WeEujDoEGziz4K6c47V/Bd+LjSSYcA94p+DmINdf7ncaUinThfvZyu13lN9OY1XDxt8C0Tw0g==}
    engines: {node: '>=10'}
    hasBin: true
    dependencies:
      lru-cache: 6.0.0
    dev: false

  /yallist/4.0.0:
    resolution: {integrity: sha512-3wdGidZyq5PB084XLES5TpOSRA3wjXAlIWMhum2kRcv/41Sn2emQ0dycQW4uZXLejwKvg6EsvbdlVL+FYEct7A==}
    dev: false
