lockfileVersion: '6.0'

dependencies:
  '@statoscope/webpack-plugin':
    specifier: ^5.26.2
    version: 5.26.2(webpack@5.83.1)

packages:

  /@discoveryjs/json-ext@0.5.7:
    resolution: {integrity: sha512-dBVuXR082gk3jsFp7Rd/JI4kytwGHecnCoTtXFb7DB6CNHp4rg5k1bhg0nWdLGLnOV71lmDzGQaLMy8iPLY0pw==}
    engines: {node: '>=10.0.0'}
    dev: false

  /@discoveryjs/natural-compare@1.1.0:
    resolution: {integrity: sha512-yuctPJs5lRXoI8LkpVZGAV6n+DKOuEsfpfcIDQ8ZjWHwazqk1QjBc4jMlof0UlZHyUqv4dwsOTooMiAmtzvwXA==}
    engines: {node: ^10 || ^12.20.0 || ^14.13.0 || >=15.0.0}
    dev: false

  /@jridgewell/gen-mapping@0.3.3:
    resolution: {integrity: sha512-HLhSWOLRi875zjjMG/r+Nv0oCW8umGb0BgEhyX3dDX3egwZtB8PqLnjz3yedt8R5StBrzcg4aBpnh8UA9D1BoQ==}
    engines: {node: '>=6.0.0'}
    dependencies:
      '@jridgewell/set-array': 1.1.2
      '@jridgewell/sourcemap-codec': 1.4.15
      '@jridgewell/trace-mapping': 0.3.18
    dev: false

  /@jridgewell/resolve-uri@3.1.0:
    resolution: {integrity: sha512-F2msla3tad+Mfht5cJq7LSXcdudKTWCVYUgw6pLFOOHSTtZlj6SWNYAp+AhuqLmWdBO2X5hPrLcu8cVP8fy28w==}
    engines: {node: '>=6.0.0'}
    dev: false

  /@jridgewell/set-array@1.1.2:
    resolution: {integrity: sha512-xnkseuNADM0gt2bs+BvhO0p78Mk762YnZdsuzFV018NoG1Sj1SCQvpSqa7XUaTam5vAGasABV9qXASMKnFMwMw==}
    engines: {node: '>=6.0.0'}
    dev: false

  /@jridgewell/source-map@0.3.3:
    resolution: {integrity: sha512-b+fsZXeLYi9fEULmfBrhxn4IrPlINf8fiNarzTof004v3lFdntdwa9PF7vFJqm3mg7s+ScJMxXaE3Acp1irZcg==}
    dependencies:
      '@jridgewell/gen-mapping': 0.3.3
      '@jridgewell/trace-mapping': 0.3.18
    dev: false

  /@jridgewell/sourcemap-codec@1.4.14:
    resolution: {integrity: sha512-XPSJHWmi394fuUuzDnGz1wiKqWfo1yXecHQMRf2l6hztTO+nPru658AyDngaBe7isIxEkRsPR3FZh+s7iVa4Uw==}
    dev: false

  /@jridgewell/sourcemap-codec@1.4.15:
    resolution: {integrity: sha512-eF2rxCRulEKXHTRiDrDy6erMYWqNw4LPdQ8UQA4huuxaQsVeRPFl2oM8oDGxMFhJUWZf9McpLtJasDDZb/Bpeg==}
    dev: false

  /@jridgewell/trace-mapping@0.3.18:
    resolution: {integrity: sha512-w+niJYzMHdd7USdiH2U6869nqhD2nbfZXND5Yp93qIbEmnDNk7PD48o+YchRVpzMU7M6jVCbenTR7PA1FLQ9pA==}
    dependencies:
      '@jridgewell/resolve-uri': 3.1.0
      '@jridgewell/sourcemap-codec': 1.4.14
    dev: false

  /@statoscope/extensions@5.14.1:
    resolution: {integrity: sha512-5O31566+bOkkdYFH81mGGBTh0YcU0zoYurTrsK5uZfpNY87ZCPpptrszX8npTRHNsxbjBBNt7vAwImJyYdhzLw==}
    dev: false

  /@statoscope/helpers@5.25.0:
    resolution: {integrity: sha512-cZN/wh/NQxrM85Ma1wCLKNlyojQkAms55dzh4SQhXP624YXqHuObX60GLlQRbsZHBnzxa/qyP8fXdxSDMDM0gg==}
    dependencies:
      '@types/archy': 0.0.32
      '@types/semver': 7.5.0
      archy: 1.0.0
      jora: 1.0.0-beta.7
      semver: 7.5.1
    dev: false

  /@statoscope/report-writer@5.25.1:
    resolution: {integrity: sha512-5rt2Zu9hfoZ0/zsrE1KaqdQCqLb2Fz6uRXzfaX7h5kgqoHlI24MxduTHJ3gHndBtACtvofT5r1F0G9zEXeWUyw==}
    dependencies:
      '@discoveryjs/json-ext': 0.5.7
      '@types/pako': 2.0.0
      pako: 2.1.0
    dev: false

  /@statoscope/stats-extension-compressed@5.25.0:
    resolution: {integrity: sha512-jMQ1fWHN0OqkYMnU6D6bV2CQ5QqmHUHZYHDMyWeDjh2xqZXV13z42SLjbQjPyIgDme1QoTQLddLXxwqloCXxjA==}
    dependencies:
      '@statoscope/helpers': 5.25.0
      gzip-size: 6.0.0
    dev: false

  /@statoscope/stats-extension-custom-reports@5.25.0:
    resolution: {integrity: sha512-7hjYbP+SJQyjpS3JmOr+dk2+r8g9ZixFbHYGfDVkXdfqjaYLPGRdWpKc44uZB9t1epg10YSI3Hi1w7PRZ7esBg==}
    dependencies:
      '@statoscope/extensions': 5.14.1
      '@statoscope/helpers': 5.25.0
      '@statoscope/stats': 5.14.1
      '@statoscope/types': 5.22.0
    dev: false

  /@statoscope/stats-extension-package-info@5.25.0:
    resolution: {integrity: sha512-7pozFUq5pb9uAzyPXDW/fEIl/Ty0i/z4dhKbKS/c+/UDFIWBDo5WqUJY7Wa5u6XDc09ojICCpoysK86sdQxKFQ==}
    dependencies:
      '@statoscope/helpers': 5.25.0
    dev: false

  /@statoscope/stats-extension-stats-validation-result@5.25.0:
    resolution: {integrity: sha512-EBIXFINb3pD39oW89QDGuFR4ujxY9Ubik0HpxD+wh3Zw7ma4ZuTvByfT6I2P4v47lwLHG4J5cDT01eR93N0mYQ==}
    dependencies:
      '@statoscope/extensions': 5.14.1
      '@statoscope/helpers': 5.25.0
      '@statoscope/stats': 5.14.1
      '@statoscope/types': 5.22.0
    dev: false

  /@statoscope/stats@5.14.1:
    resolution: {integrity: sha512-Kz7kCKuT6DXaqAPfyTwp27xHMDUna9o6UlRSQXXBZ8Yyk7eYYvTNw+5ffRyqivL9IOzD7FQYDQ6VUBHh0UfyDw==}
    dev: false

  /@statoscope/types@5.22.0:
    resolution: {integrity: sha512-FHgunU7M95v7c71pvQ2nr8bWy1QcTDOHSnkoFQErORH9RmxlK9oRkoWrO8BJpnxa55m/9ZHjFVmpLF4SsVGHoA==}
    dependencies:
      '@statoscope/stats': 5.14.1
    dev: false

  /@statoscope/webpack-model@5.26.2:
    resolution: {integrity: sha512-b68Wjcf+6+9XBsHWKmHu5U7t+MEd+uo7BhHqI5Fp5IyWFl8GGwZb2KMfl0SLAqKI86P9q8i/u9dmtvDpwC+LRg==}
    dependencies:
      '@statoscope/extensions': 5.14.1
      '@statoscope/helpers': 5.25.0
      '@statoscope/stats': 5.14.1
      '@statoscope/stats-extension-compressed': 5.25.0
      '@statoscope/stats-extension-custom-reports': 5.25.0
      '@statoscope/stats-extension-package-info': 5.25.0
      '@statoscope/stats-extension-stats-validation-result': 5.25.0
      '@statoscope/types': 5.22.0
      md5: 2.3.0
    dev: false

  /@statoscope/webpack-plugin@5.26.2(webpack@5.83.1):
    resolution: {integrity: sha512-QqB4znt1TKfI3tPHmGmF3xiru+qwIaNze8SlsN2oJFyEiaZnEB1+iIf6eaAlxIQUqTuLePWv2VQTiS3Dd1Xjtw==}
    peerDependencies:
      webpack: ^4.0.0 || ^5.0.0
    dependencies:
      '@discoveryjs/json-ext': 0.5.7
      '@statoscope/report-writer': 5.25.1
      '@statoscope/stats': 5.14.1
      '@statoscope/stats-extension-compressed': 5.25.0
      '@statoscope/stats-extension-custom-reports': 5.25.0
      '@statoscope/types': 5.22.0
      '@statoscope/webpack-model': 5.26.2
      '@statoscope/webpack-stats-extension-compressed': 5.26.2(webpack@5.83.1)
      '@statoscope/webpack-stats-extension-package-info': 5.26.2(webpack@5.83.1)
      '@statoscope/webpack-ui': 5.26.2
      open: 8.4.2
      webpack: 5.83.1
    dev: false

  /@statoscope/webpack-stats-extension-compressed@5.26.2(webpack@5.83.1):
    resolution: {integrity: sha512-gDkWs3r/gKS9lOzM0Pz77fRHQdI2ot84wM1WwHUXYQCmKvxMazA2828i35XWsKS2DHsThCQ2qyBe9QrpNqR4GA==}
    peerDependencies:
      webpack: ^4.0.0 || ^5.0.0
    dependencies:
      '@statoscope/stats': 5.14.1
      '@statoscope/stats-extension-compressed': 5.25.0
      '@statoscope/webpack-model': 5.26.2
      webpack: 5.83.1
    dev: false

  /@statoscope/webpack-stats-extension-package-info@5.26.2(webpack@5.83.1):
    resolution: {integrity: sha512-mrv0Wz+f5Kx9YN4w7IalCwckCRSk5HTTgiaj+M95V1BF1DAptTqwyB+h1DFyGRwxD6Upb/wxyiYJ+wLxey0yMw==}
    peerDependencies:
      webpack: ^4.0.0 || ^5.0.0
    dependencies:
      '@statoscope/stats': 5.14.1
      '@statoscope/stats-extension-package-info': 5.25.0
      '@statoscope/webpack-model': 5.26.2
      webpack: 5.83.1
    dev: false

  /@statoscope/webpack-ui@5.26.2:
    resolution: {integrity: sha512-01RYHyG2nrif9Y5i717EI6jUMqdypbrOMdqpNUBFlw2rmaEB5t21V35b5Vd0pZEgesKNijE3ULvP7EQ37jEbIg==}
    dependencies:
      '@statoscope/types': 5.22.0
    dev: false

  /@types/archy@0.0.32:
    resolution: {integrity: sha512-5ZZ5+YGmUE01yejiXsKnTcvhakMZ2UllZlMsQni53Doc1JWhe21ia8VntRoRD6fAEWw08JBh/z9qQHJ+//MrIg==}
    dev: false

  /@types/eslint-scope@3.7.4:
    resolution: {integrity: sha512-9K4zoImiZc3HlIp6AVUDE4CWYx22a+lhSZMYNpbjW04+YF0KWj4pJXnEMjdnFTiQibFFmElcsasJXDbdI/EPhA==}
    dependencies:
      '@types/eslint': 8.37.0
      '@types/estree': 1.0.1
    dev: false

  /@types/eslint@8.37.0:
    resolution: {integrity: sha512-Piet7dG2JBuDIfohBngQ3rCt7MgO9xCO4xIMKxBThCq5PNRB91IjlJ10eJVwfoNtvTErmxLzwBZ7rHZtbOMmFQ==}
    dependencies:
      '@types/estree': 1.0.1
      '@types/json-schema': 7.0.11
    dev: false

  /@types/estree@1.0.1:
    resolution: {integrity: sha512-LG4opVs2ANWZ1TJoKc937iMmNstM/d0ae1vNbnBvBhqCSezgVUOzcLCqbI5elV8Vy6WKwKjaqR+zO9VKirBBCA==}
    dev: false

  /@types/json-schema@7.0.11:
    resolution: {integrity: sha512-wOuvG1SN4Us4rez+tylwwwCV1psiNVOkJeM3AUWUNWg/jDQY2+HE/444y5gc+jBmRqASOm2Oeh5c1axHobwRKQ==}
    dev: false

  /@types/node@20.2.3:
    resolution: {integrity: sha512-pg9d0yC4rVNWQzX8U7xb4olIOFuuVL9za3bzMT2pu2SU0SNEi66i2qrvhE2qt0HvkhuCaWJu7pLNOt/Pj8BIrw==}
    dev: false

  /@types/pako@2.0.0:
    resolution: {integrity: sha512-10+iaz93qR5WYxTo+PMifD5TSxiOtdRaxBf7INGGXMQgTCu8Z/7GYWYFUOS3q/G0nE5boj1r4FEB+WSy7s5gbA==}
    dev: false

  /@types/semver@7.5.0:
    resolution: {integrity: sha512-G8hZ6XJiHnuhQKR7ZmysCeJWE08o8T0AXtk5darsCaTVsYZhhgUrq53jizaR2FvsoeCwJhlmwTjkXBY5Pn/ZHw==}
    dev: false

  /@webassemblyjs/ast@1.11.6:
    resolution: {integrity: sha512-IN1xI7PwOvLPgjcf180gC1bqn3q/QaOCwYUahIOhbYUu8KA/3tw2RT/T0Gidi1l7Hhj5D/INhJxiICObqpMu4Q==}
    dependencies:
      '@webassemblyjs/helper-numbers': 1.11.6
      '@webassemblyjs/helper-wasm-bytecode': 1.11.6
    dev: false

  /@webassemblyjs/floating-point-hex-parser@1.11.6:
    resolution: {integrity: sha512-ejAj9hfRJ2XMsNHk/v6Fu2dGS+i4UaXBXGemOfQ/JfQ6mdQg/WXtwleQRLLS4OvfDhv8rYnVwH27YJLMyYsxhw==}
    dev: false

  /@webassemblyjs/helper-api-error@1.11.6:
    resolution: {integrity: sha512-o0YkoP4pVu4rN8aTJgAyj9hC2Sv5UlkzCHhxqWj8butaLvnpdc2jOwh4ewE6CX0txSfLn/UYaV/pheS2Txg//Q==}
    dev: false

  /@webassemblyjs/helper-buffer@1.11.6:
    resolution: {integrity: sha512-z3nFzdcp1mb8nEOFFk8DrYLpHvhKC3grJD2ardfKOzmbmJvEf/tPIqCY+sNcwZIY8ZD7IkB2l7/pqhUhqm7hLA==}
    dev: false

  /@webassemblyjs/helper-numbers@1.11.6:
    resolution: {integrity: sha512-vUIhZ8LZoIWHBohiEObxVm6hwP034jwmc9kuq5GdHZH0wiLVLIPcMCdpJzG4C11cHoQ25TFIQj9kaVADVX7N3g==}
    dependencies:
      '@webassemblyjs/floating-point-hex-parser': 1.11.6
      '@webassemblyjs/helper-api-error': 1.11.6
      '@xtuc/long': 4.2.2
    dev: false

  /@webassemblyjs/helper-wasm-bytecode@1.11.6:
    resolution: {integrity: sha512-sFFHKwcmBprO9e7Icf0+gddyWYDViL8bpPjJJl0WHxCdETktXdmtWLGVzoHbqUcY4Be1LkNfwTmXOJUFZYSJdA==}
    dev: false

  /@webassemblyjs/helper-wasm-section@1.11.6:
    resolution: {integrity: sha512-LPpZbSOwTpEC2cgn4hTydySy1Ke+XEu+ETXuoyvuyezHO3Kjdu90KK95Sh9xTbmjrCsUwvWwCOQQNta37VrS9g==}
    dependencies:
      '@webassemblyjs/ast': 1.11.6
      '@webassemblyjs/helper-buffer': 1.11.6
      '@webassemblyjs/helper-wasm-bytecode': 1.11.6
      '@webassemblyjs/wasm-gen': 1.11.6
    dev: false

  /@webassemblyjs/ieee754@1.11.6:
    resolution: {integrity: sha512-LM4p2csPNvbij6U1f19v6WR56QZ8JcHg3QIJTlSwzFcmx6WSORicYj6I63f9yU1kEUtrpG+kjkiIAkevHpDXrg==}
    dependencies:
      '@xtuc/ieee754': 1.2.0
    dev: false

  /@webassemblyjs/leb128@1.11.6:
    resolution: {integrity: sha512-m7a0FhE67DQXgouf1tbN5XQcdWoNgaAuoULHIfGFIEVKA6tu/edls6XnIlkmS6FrXAquJRPni3ZZKjw6FSPjPQ==}
    dependencies:
      '@xtuc/long': 4.2.2
    dev: false

  /@webassemblyjs/utf8@1.11.6:
    resolution: {integrity: sha512-vtXf2wTQ3+up9Zsg8sa2yWiQpzSsMyXj0qViVP6xKGCUT8p8YJ6HqI7l5eCnWx1T/FYdsv07HQs2wTFbbof/RA==}
    dev: false

  /@webassemblyjs/wasm-edit@1.11.6:
    resolution: {integrity: sha512-Ybn2I6fnfIGuCR+Faaz7YcvtBKxvoLV3Lebn1tM4o/IAJzmi9AWYIPWpyBfU8cC+JxAO57bk4+zdsTjJR+VTOw==}
    dependencies:
      '@webassemblyjs/ast': 1.11.6
      '@webassemblyjs/helper-buffer': 1.11.6
      '@webassemblyjs/helper-wasm-bytecode': 1.11.6
      '@webassemblyjs/helper-wasm-section': 1.11.6
      '@webassemblyjs/wasm-gen': 1.11.6
      '@webassemblyjs/wasm-opt': 1.11.6
      '@webassemblyjs/wasm-parser': 1.11.6
      '@webassemblyjs/wast-printer': 1.11.6
    dev: false

  /@webassemblyjs/wasm-gen@1.11.6:
    resolution: {integrity: sha512-3XOqkZP/y6B4F0PBAXvI1/bky7GryoogUtfwExeP/v7Nzwo1QLcq5oQmpKlftZLbT+ERUOAZVQjuNVak6UXjPA==}
    dependencies:
      '@webassemblyjs/ast': 1.11.6
      '@webassemblyjs/helper-wasm-bytecode': 1.11.6
      '@webassemblyjs/ieee754': 1.11.6
      '@webassemblyjs/leb128': 1.11.6
      '@webassemblyjs/utf8': 1.11.6
    dev: false

  /@webassemblyjs/wasm-opt@1.11.6:
    resolution: {integrity: sha512-cOrKuLRE7PCe6AsOVl7WasYf3wbSo4CeOk6PkrjS7g57MFfVUF9u6ysQBBODX0LdgSvQqRiGz3CXvIDKcPNy4g==}
    dependencies:
      '@webassemblyjs/ast': 1.11.6
      '@webassemblyjs/helper-buffer': 1.11.6
      '@webassemblyjs/wasm-gen': 1.11.6
      '@webassemblyjs/wasm-parser': 1.11.6
    dev: false

  /@webassemblyjs/wasm-parser@1.11.6:
    resolution: {integrity: sha512-6ZwPeGzMJM3Dqp3hCsLgESxBGtT/OeCvCZ4TA1JUPYgmhAx38tTPR9JaKy0S5H3evQpO/h2uWs2j6Yc/fjkpTQ==}
    dependencies:
      '@webassemblyjs/ast': 1.11.6
      '@webassemblyjs/helper-api-error': 1.11.6
      '@webassemblyjs/helper-wasm-bytecode': 1.11.6
      '@webassemblyjs/ieee754': 1.11.6
      '@webassemblyjs/leb128': 1.11.6
      '@webassemblyjs/utf8': 1.11.6
    dev: false

  /@webassemblyjs/wast-printer@1.11.6:
    resolution: {integrity: sha512-JM7AhRcE+yW2GWYaKeHL5vt4xqee5N2WcezptmgyhNS+ScggqcT1OtXykhAb13Sn5Yas0j2uv9tHgrjwvzAP4A==}
    dependencies:
      '@webassemblyjs/ast': 1.11.6
      '@xtuc/long': 4.2.2
    dev: false

  /@xtuc/ieee754@1.2.0:
    resolution: {integrity: sha512-DX8nKgqcGwsc0eJSqYt5lwP4DH5FlHnmuWWBRy7X0NcaGR0ZtuyeESgMwTYVEtxmsNGY+qit4QYT/MIYTOTPeA==}
    dev: false

  /@xtuc/long@4.2.2:
    resolution: {integrity: sha512-NuHqBY1PB/D8xU6s/thBgOAiAP7HOYDQ32+BFZILJ8ivkUkAHQnWfn6WhL79Owj1qmUnoN/YPhktdIoucipkAQ==}
    dev: false

  /acorn-import-assertions@1.9.0(acorn@8.8.2):
    resolution: {integrity: sha512-cmMwop9x+8KFhxvKrKfPYmN6/pKTYYHBqLa0DfvVZcKMJWNyWLnaqND7dx/qn66R7ewM1UX5XMaDVP5wlVTaVA==}
    peerDependencies:
      acorn: ^8
    dependencies:
      acorn: 8.8.2
    dev: false

  /acorn@8.8.2:
    resolution: {integrity: sha512-xjIYgE8HBrkpd/sJqOGNspf8uHG+NOHGOw6a/Urj8taM2EXfdNAH2oFcPeIFfsv3+kz/mJrS5VuMqbNLjCa2vw==}
    engines: {node: '>=0.4.0'}
    hasBin: true
    dev: false

  /ajv-keywords@3.5.2(ajv@6.12.6):
    resolution: {integrity: sha512-5p6WTN0DdTGVQk6VjcEju19IgaHudalcfabD7yhDGeA6bcQnmL+CpveLJq/3hvfwd1aof6L386Ougkx6RfyMIQ==}
    peerDependencies:
      ajv: ^6.9.1
    dependencies:
      ajv: 6.12.6
    dev: false

  /ajv@6.12.6:
    resolution: {integrity: sha512-j3fVLgvTo527anyYyJOGTYJbG+vnnQYvE0m5mmkc1TK+nxAppkCLMIL0aZ4dblVCNoGShhm+kzE4ZUykBoMg4g==}
    dependencies:
      fast-deep-equal: 3.1.3
      fast-json-stable-stringify: 2.1.0
      json-schema-traverse: 0.4.1
      uri-js: 4.4.1
    dev: false

  /archy@1.0.0:
    resolution: {integrity: sha512-Xg+9RwCg/0p32teKdGMPTPnVXKD0w3DfHnFTficozsAgsvq2XenPJq/MYpzzQ/v8zrOyJn6Ds39VA4JIDwFfqw==}
    dev: false

  /browserslist@4.21.5:
    resolution: {integrity: sha512-tUkiguQGW7S3IhB7N+c2MV/HZPSCPAAiYBZXLsBhFB/PCy6ZKKsZrmBayHV9fdGV/ARIfJ14NkxKzRDjvp7L6w==}
    engines: {node: ^6 || ^7 || ^8 || ^9 || ^10 || ^11 || ^12 || >=13.7}
    hasBin: true
    dependencies:
      caniuse-lite: 1.0.30001489
      electron-to-chromium: 1.4.402
      node-releases: 2.0.11
      update-browserslist-db: 1.0.11(browserslist@4.21.5)
    dev: false

  /buffer-from@1.1.2:
    resolution: {integrity: sha512-E+XQCRwSbaaiChtv6k6Dwgc+bx+Bs6vuKJHHl5kox/BaKbhiXzqQOwK4cO22yElGp2OCmjwVhT3HmxgyPGnJfQ==}
    dev: false

  /caniuse-lite@1.0.30001489:
    resolution: {integrity: sha512-x1mgZEXK8jHIfAxm+xgdpHpk50IN3z3q3zP261/WS+uvePxW8izXuCu6AHz0lkuYTlATDehiZ/tNyYBdSQsOUQ==}
    dev: false

  /charenc@0.0.2:
    resolution: {integrity: sha512-yrLQ/yVUFXkzg7EDQsPieE/53+0RlaWTs+wBrvW36cyilJ2SaDWfl4Yj7MtLTXleV9uEKefbAGUPv2/iWSooRA==}
    dev: false

  /chrome-trace-event@1.0.3:
    resolution: {integrity: sha512-p3KULyQg4S7NIHixdwbGX+nFHkoBiA4YQmyWtjb8XngSKV124nJmRysgAeujbUVb15vh+RvFUfCPqU7rXk+hZg==}
    engines: {node: '>=6.0'}
    dev: false

  /commander@2.20.3:
    resolution: {integrity: sha512-GpVkmM8vF2vQUkj2LvZmD35JxeJOLCwJ9cUkugyk2nuhbv3+mJvpLYYt+0+USMxE+oj+ey/lJEnhZw75x/OMcQ==}
    dev: false

  /crypt@0.0.2:
    resolution: {integrity: sha512-mCxBlsHFYh9C+HVpiEacem8FEBnMXgU9gy4zmNC+SXAZNB/1idgp/aulFJ4FgCi7GPEVbfyng092GqL2k2rmow==}
    dev: false

  /define-lazy-prop@2.0.0:
    resolution: {integrity: sha512-Ds09qNh8yw3khSjiJjiUInaGX9xlqZDY7JVryGxdxV7NPeuqQfplOpQ66yJFZut3jLa5zOwkXw1g9EI2uKh4Og==}
    engines: {node: '>=8'}
    dev: false

  /duplexer@0.1.2:
    resolution: {integrity: sha512-jtD6YG370ZCIi/9GTaJKQxWTZD045+4R4hTk/x1UyoqadyJ9x9CgSi1RlVDQF8U2sxLLSnFkCaMihqljHIWgMg==}
    dev: false

  /electron-to-chromium@1.4.402:
    resolution: {integrity: sha512-gWYvJSkohOiBE6ecVYXkrDgNaUjo47QEKK0kQzmWyhkH+yoYiG44bwuicTGNSIQRG3WDMsWVZJLRnJnLNkbWvA==}
    dev: false

  /enhanced-resolve@5.14.0:
    resolution: {integrity: sha512-+DCows0XNwLDcUhbFJPdlQEVnT2zXlCv7hPxemTz86/O+B/hCQ+mb7ydkPKiflpVraqLPCAfu7lDy+hBXueojw==}
    engines: {node: '>=10.13.0'}
    dependencies:
      graceful-fs: 4.2.11
      tapable: 2.2.1
    dev: false

  /es-module-lexer@1.2.1:
    resolution: {integrity: sha512-9978wrXM50Y4rTMmW5kXIC09ZdXQZqkE4mxhwkd8VbzsGkXGPgV4zWuqQJgCEzYngdo2dYDa0l8xhX4fkSwJSg==}
    dev: false

  /escalade@3.1.1:
    resolution: {integrity: sha512-k0er2gUkLf8O0zKJiAhmkTnJlTvINGv7ygDNPbeIsX/TJjGJZHuh9B2UxbsaEkmlEo9MfhrSzmhIlhRlI2GXnw==}
    engines: {node: '>=6'}
    dev: false

  /eslint-scope@5.1.1:
    resolution: {integrity: sha512-2NxwbF/hZ0KpepYN0cNbo+FN6XoK7GaHlQhgx/hIZl6Va0bF45RQOOwhLIy8lQDbuCiadSLCBnH2CFYquit5bw==}
    engines: {node: '>=8.0.0'}
    dependencies:
      esrecurse: 4.3.0
      estraverse: 4.3.0
    dev: false

  /esrecurse@4.3.0:
    resolution: {integrity: sha512-KmfKL3b6G+RXvP8N1vr3Tq1kL/oCFgn2NYXEtqP8/L3pKapUA4G8cFVaoF3SU323CD4XypR/ffioHmkti6/Tag==}
    engines: {node: '>=4.0'}
    dependencies:
      estraverse: 5.3.0
    dev: false

  /estraverse@4.3.0:
    resolution: {integrity: sha512-39nnKffWz8xN1BU/2c79n9nB9HDzo0niYUqx6xyqUnyoAnQyyWpOTdZEeiCch8BBu515t4wp9ZmgVfVhn9EBpw==}
    engines: {node: '>=4.0'}
    dev: false

  /estraverse@5.3.0:
    resolution: {integrity: sha512-MMdARuVEQziNTeJD8DgMqmhwR11BRQ/cBP+pLtYdSTnf3MIO8fFeiINEbX36ZdNlfU/7A9f3gUw49B3oQsvwBA==}
    engines: {node: '>=4.0'}
    dev: false

  /events@3.3.0:
    resolution: {integrity: sha512-mQw+2fkQbALzQ7V0MY0IqdnXNOeTtP4r0lN9z7AAawCXgqea7bDii20AYrIBrFd/Hx0M2Ocz6S111CaFkUcb0Q==}
    engines: {node: '>=0.8.x'}
    dev: false

  /fast-deep-equal@3.1.3:
    resolution: {integrity: sha512-f3qQ9oQy9j2AhBe/H9VC91wLmKBCCU/gDOnKNAYG5hswO7BLKj09Hc5HYNz9cGI++xlpDCIgDaitVs03ATR84Q==}
    dev: false

  /fast-json-stable-stringify@2.1.0:
    resolution: {integrity: sha512-lhd/wF+Lk98HZoTCtlVraHtfh5XYijIjalXck7saUtuanSDyLMxnHhSXEDJqHxD7msR8D0uCmqlkwjCV8xvwHw==}
    dev: false

  /glob-to-regexp@0.4.1:
    resolution: {integrity: sha512-lkX1HJXwyMcprw/5YUZc2s7DrpAiHB21/V+E1rHUrVNokkvB6bqMzT0VfV6/86ZNabt1k14YOIaT7nDvOX3Iiw==}
    dev: false

  /graceful-fs@4.2.11:
    resolution: {integrity: sha512-RbJ5/jmFcNNCcDV5o9eTnBLJ/HszWV0P73bc+Ff4nS/rJj+YaS6IGyiOL0VoBYX+l1Wrl3k63h/KrH+nhJ0XvQ==}
    dev: false

  /gzip-size@6.0.0:
    resolution: {integrity: sha512-ax7ZYomf6jqPTQ4+XCpUGyXKHk5WweS+e05MBO4/y3WJ5RkmPXNKvX+bx1behVILVwr6JSQvZAku021CHPXG3Q==}
    engines: {node: '>=10'}
    dependencies:
      duplexer: 0.1.2
    dev: false

  /has-flag@4.0.0:
    resolution: {integrity: sha512-EykJT/Q1KjTWctppgIAgfSO0tKVuZUjhgMr17kqTumMl6Afv3EISleU7qZUzoXDFTAHTDC4NOoG/ZxU3EvlMPQ==}
    engines: {node: '>=8'}
    dev: false

  /is-buffer@1.1.6:
    resolution: {integrity: sha512-NcdALwpXkTm5Zvvbk7owOUSvVvBKDgKP5/ewfXEznmQFfs4ZRmanOeKBTjRVjka3QFoN6XJ+9F3USqfHqTaU5w==}
    dev: false

  /is-docker@2.2.1:
    resolution: {integrity: sha512-F+i2BKsFrH66iaUFc0woD8sLy8getkwTwtOBjvs56Cx4CgJDeKQeqfz8wAYiSb8JOprWhHH5p77PbmYCvvUuXQ==}
    engines: {node: '>=8'}
    hasBin: true
    dev: false

  /is-wsl@2.2.0:
    resolution: {integrity: sha512-fKzAra0rGJUUBwGBgNkHZuToZcn+TtXHpeCgmkMJMMYx1sQDYaCSyjJBSCa2nH1DGm7s3n1oBnohoVTBaN7Lww==}
    engines: {node: '>=8'}
    dependencies:
      is-docker: 2.2.1
    dev: false

  /jest-worker@27.5.1:
    resolution: {integrity: sha512-7vuh85V5cdDofPyxn58nrPjBktZo0u9x1g8WtjQol+jZDaE+fhN+cIvTj11GndBnMnyfrUOG1sZQxCdjKh+DKg==}
    engines: {node: '>= 10.13.0'}
    dependencies:
      '@types/node': 20.2.3
      merge-stream: 2.0.0
      supports-color: 8.1.1
    dev: false

  /jora@1.0.0-beta.7:
    resolution: {integrity: sha512-7Mq37XUPQM/fEetH8Z4iHTABWgoq64UL9mIRfssX1b0Ogns3TqbOS0UIV7gwQ3D0RshfLJzGgbbW17UyFjxSLQ==}
    engines: {node: ^10.12.0 || ^12.20.0 || ^14.13.0 || >=15.0.0}
    dependencies:
      '@discoveryjs/natural-compare': 1.1.0
    dev: false

  /json-parse-even-better-errors@2.3.1:
    resolution: {integrity: sha512-xyFwyhro/JEof6Ghe2iz2NcXoj2sloNsWr/XsERDK/oiPCfaNhl5ONfp+jQdAZRQQ0IJWNzH9zIZF7li91kh2w==}
    dev: false

  /json-schema-traverse@0.4.1:
    resolution: {integrity: sha512-xbbCH5dCYU5T8LcEhhuh7HJ88HXuW3qsI3Y0zOZFKfZEHcpWiHU/Jxzk629Brsab/mMiHQti9wMP+845RPe3Vg==}
    dev: false

  /loader-runner@4.3.0:
    resolution: {integrity: sha512-3R/1M+yS3j5ou80Me59j7F9IMs4PXs3VqRrm0TU3AbKPxlmpoY1TNscJV/oGJXo8qCatFGTfDbY6W6ipGOYXfg==}
    engines: {node: '>=6.11.5'}
    dev: false

  /lru-cache@6.0.0:
    resolution: {integrity: sha512-Jo6dJ04CmSjuznwJSS3pUeWmd/H0ffTlkXXgwZi+eq1UCmqQwCh+eLsYOYCwY991i2Fah4h1BEMCx4qThGbsiA==}
    engines: {node: '>=10'}
    dependencies:
      yallist: 4.0.0
    dev: false

  /md5@2.3.0:
    resolution: {integrity: sha512-T1GITYmFaKuO91vxyoQMFETst+O71VUPEU3ze5GNzDm0OWdP8v1ziTaAEPUr/3kLsY3Sftgz242A1SetQiDL7g==}
    dependencies:
      charenc: 0.0.2
      crypt: 0.0.2
      is-buffer: 1.1.6
    dev: false

  /merge-stream@2.0.0:
    resolution: {integrity: sha512-abv/qOcuPfk3URPfDzmZU1LKmuw8kT+0nIHvKrKgFrwifol/doWcdA4ZqsWQ8ENrFKkd67Mfpo/LovbIUsbt3w==}
    dev: false

  /mime-db@1.52.0:
    resolution: {integrity: sha512-sPU4uV7dYlvtWJxwwxHD0PuihVNiE7TyAbQ5SWxDCB9mUYvOgroQOwYQQOKPJ8CIbE+1ETVlOoK1UC2nU3gYvg==}
    engines: {node: '>= 0.6'}
    dev: false

  /mime-types@2.1.35:
    resolution: {integrity: sha512-ZDY+bPm5zTTF+YpCrAU9nK0UgICYPT0QtT1NZWFv4s++TNkcgVaT0g6+4R2uI4MjQjzysHB1zxuWL50hzaeXiw==}
    engines: {node: '>= 0.6'}
    dependencies:
      mime-db: 1.52.0
    dev: false

  /neo-async@2.6.2:
    resolution: {integrity: sha512-Yd3UES5mWCSqR+qNT93S3UoYUkqAZ9lLg8a7g9rimsWmYGK8cVToA4/sF3RrshdyV3sAGMXVUmpMYOw+dLpOuw==}
    dev: false

  /node-releases@2.0.11:
    resolution: {integrity: sha512-+M0PwXeU80kRohZ3aT4J/OnR+l9/KD2nVLNNoRgFtnf+umQVFdGBAO2N8+nCnEi0xlh/Wk3zOGC+vNNx+uM79Q==}
    dev: false

  /open@8.4.2:
    resolution: {integrity: sha512-7x81NCL719oNbsq/3mh+hVrAWmFuEYUqrq/Iw3kUzH8ReypT9QQ0BLoJS7/G9k6N81XjW4qHWtjWwe/9eLy1EQ==}
    engines: {node: '>=12'}
    dependencies:
      define-lazy-prop: 2.0.0
      is-docker: 2.2.1
      is-wsl: 2.2.0
    dev: false

  /pako@2.1.0:
    resolution: {integrity: sha512-w+eufiZ1WuJYgPXbV/PO3NCMEc3xqylkKHzp8bxp1uW4qaSNQUkwmLLEc3kKsfz8lpV1F8Ht3U1Cm+9Srog2ug==}
    dev: false

  /picocolors@1.0.0:
    resolution: {integrity: sha512-1fygroTLlHu66zi26VoTDv8yRgm0Fccecssto+MhsZ0D/DGW2sm8E8AjW7NU5VVTRt5GxbeZ5qBuJr+HyLYkjQ==}
    dev: false

  /punycode@2.3.0:
    resolution: {integrity: sha512-rRV+zQD8tVFys26lAGR9WUuS4iUAngJScM+ZRSKtvl5tKeZ2t5bvdNFdNHBW9FWR4guGHlgmsZ1G7BSm2wTbuA==}
    engines: {node: '>=6'}
    dev: false

  /randombytes@2.1.0:
    resolution: {integrity: sha512-vYl3iOX+4CKUWuxGi9Ukhie6fsqXqS9FE2Zaic4tNFD2N2QQaXOMFbuKK4QmDHC0JO6B1Zp41J0LpT0oR68amQ==}
    dependencies:
      safe-buffer: 5.2.1
    dev: false

  /safe-buffer@5.2.1:
    resolution: {integrity: sha512-rp3So07KcdmmKbGvgaNxQSJr7bGVSVk5S9Eq1F+ppbRo70+YeaDxkw5Dd8NPN+GD6bjnYm2VuPuCXmpuYvmCXQ==}
    dev: false

  /schema-utils@3.1.2:
    resolution: {integrity: sha512-pvjEHOgWc9OWA/f/DE3ohBWTD6EleVLf7iFUkoSwAxttdBhB9QUebQgxER2kWueOvRJXPHNnyrvvh9eZINB8Eg==}
    engines: {node: '>= 10.13.0'}
    dependencies:
      '@types/json-schema': 7.0.11
      ajv: 6.12.6
      ajv-keywords: 3.5.2(ajv@6.12.6)
    dev: false

  /semver@7.5.1:
    resolution: {integrity: sha512-Wvss5ivl8TMRZXXESstBA4uR5iXgEN/VC5/sOcuXdVLzcdkz4HWetIoRfG5gb5X+ij/G9rw9YoGn3QoQ8OCSpw==}
    engines: {node: '>=10'}
    hasBin: true
    dependencies:
      lru-cache: 6.0.0
    dev: false

  /serialize-javascript@6.0.1:
    resolution: {integrity: sha512-owoXEFjWRllis8/M1Q+Cw5k8ZH40e3zhp/ovX+Xr/vi1qj6QesbyXXViFbpNvWvPNAD62SutwEXavefrLJWj7w==}
    dependencies:
      randombytes: 2.1.0
    dev: false

  /source-map-support@0.5.21:
    resolution: {integrity: sha512-uBHU3L3czsIyYXKX88fdrGovxdSCoTGDRZ6SYXtSRxLZUzHg5P/66Ht6uoUlHu9EZod+inXhKo3qQgwXUT/y1w==}
    dependencies:
      buffer-from: 1.1.2
      source-map: 0.6.1
    dev: false

  /source-map@0.6.1:
    resolution: {integrity: sha512-UjgapumWlbMhkBgzT7Ykc5YXUT46F0iKu8SGXq0bcwP5dz/h0Plj6enJqjz1Zbq2l5WaqYnrVbwWOWMyF3F47g==}
    engines: {node: '>=0.10.0'}
    dev: false

  /supports-color@8.1.1:
    resolution: {integrity: sha512-MpUEN2OodtUzxvKQl72cUF7RQ5EiHsGvSsVG0ia9c5RbWGL2CI4C7EpPS8UTBIplnlzZiNuV56w+FuNxy3ty2Q==}
    engines: {node: '>=10'}
    dependencies:
      has-flag: 4.0.0
    dev: false

  /tapable@2.2.1:
    resolution: {integrity: sha512-GNzQvQTOIP6RyTfE2Qxb8ZVlNmw0n88vp1szwWRimP02mnTsx3Wtn5qRdqY9w2XduFNUgvOwhNnQsjwCp+kqaQ==}
    engines: {node: '>=6'}
    dev: false

  /terser-webpack-plugin@5.3.9(webpack@5.83.1):
    resolution: {integrity: sha512-ZuXsqE07EcggTWQjXUj+Aot/OMcD0bMKGgF63f7UxYcu5/AJF53aIpK1YoP5xR9l6s/Hy2b+t1AM0bLNPRuhwA==}
    engines: {node: '>= 10.13.0'}
    peerDependencies:
      '@swc/core': '*'
      esbuild: '*'
      uglify-js: '*'
      webpack: ^5.1.0
    peerDependenciesMeta:
      '@swc/core':
        optional: true
      esbuild:
        optional: true
      uglify-js:
        optional: true
    dependencies:
      '@jridgewell/trace-mapping': 0.3.18
      jest-worker: 27.5.1
      schema-utils: 3.1.2
      serialize-javascript: 6.0.1
      terser: 5.17.5
      webpack: 5.83.1
    dev: false

  /terser@5.17.5:
    resolution: {integrity: sha512-NqFkzBX34WExkCbk3K5urmNCpEWqMPZnwGI1pMHwqvJ/zDlXC75u3NI7BrzoR8/pryy8Abx2e1i8ChrWkhH1Hg==}
    engines: {node: '>=10'}
    hasBin: true
    dependencies:
      '@jridgewell/source-map': 0.3.3
      acorn: 8.8.2
      commander: 2.20.3
      source-map-support: 0.5.21
    dev: false

  /update-browserslist-db@1.0.11(browserslist@4.21.5):
    resolution: {integrity: sha512-dCwEFf0/oT85M1fHBg4F0jtLwJrutGoHSQXCh7u4o2t1drG+c0a9Flnqww6XUKSfQMPpJBRjU8d4RXB09qtvaA==}
    hasBin: true
    peerDependencies:
      browserslist: '>= 4.21.0'
    dependencies:
      browserslist: 4.21.5
      escalade: 3.1.1
      picocolors: 1.0.0
    dev: false

  /uri-js@4.4.1:
    resolution: {integrity: sha512-7rKUyy33Q1yc98pQ1DAmLtwX109F7TIfWlW1Ydo8Wl1ii1SeHieeh0HHfPeL2fMXK6z0s8ecKs9frCuLJvndBg==}
    dependencies:
      punycode: 2.3.0
    dev: false

  /watchpack@2.4.0:
    resolution: {integrity: sha512-Lcvm7MGST/4fup+ifyKi2hjyIAwcdI4HRgtvTpIUxBRhB+RFtUh8XtDOxUfctVCnhVi+QQj49i91OyvzkJl6cg==}
    engines: {node: '>=10.13.0'}
    dependencies:
      glob-to-regexp: 0.4.1
      graceful-fs: 4.2.11
    dev: false

  /webpack-sources@3.2.3:
    resolution: {integrity: sha512-/DyMEOrDgLKKIG0fmvtz+4dUX/3Ghozwgm6iPp8KRhvn+eQf9+Q7GWxVNMk3+uCPWfdXYC4ExGBckIXdFEfH1w==}
    engines: {node: '>=10.13.0'}
    dev: false

  /webpack@5.83.1:
    resolution: {integrity: sha512-TNsG9jDScbNuB+Lb/3+vYolPplCS3bbEaJf+Bj0Gw4DhP3ioAflBb1flcRt9zsWITyvOhM96wMQNRWlSX52DgA==}
    engines: {node: '>=10.13.0'}
    hasBin: true
    peerDependencies:
      webpack-cli: '*'
    peerDependenciesMeta:
      webpack-cli:
        optional: true
    dependencies:
      '@types/eslint-scope': 3.7.4
      '@types/estree': 1.0.1
      '@webassemblyjs/ast': 1.11.6
      '@webassemblyjs/wasm-edit': 1.11.6
      '@webassemblyjs/wasm-parser': 1.11.6
      acorn: 8.8.2
      acorn-import-assertions: 1.9.0(acorn@8.8.2)
      browserslist: 4.21.5
      chrome-trace-event: 1.0.3
      enhanced-resolve: 5.14.0
      es-module-lexer: 1.2.1
      eslint-scope: 5.1.1
      events: 3.3.0
      glob-to-regexp: 0.4.1
      graceful-fs: 4.2.11
      json-parse-even-better-errors: 2.3.1
      loader-runner: 4.3.0
      mime-types: 2.1.35
      neo-async: 2.6.2
      schema-utils: 3.1.2
      tapable: 2.2.1
      terser-webpack-plugin: 5.3.9(webpack@5.83.1)
      watchpack: 2.4.0
      webpack-sources: 3.2.3
    transitivePeerDependencies:
      - '@swc/core'
      - esbuild
      - uglify-js
    dev: false

  /yallist@4.0.0:
    resolution: {integrity: sha512-3wdGidZyq5PB084XLES5TpOSRA3wjXAlIWMhum2kRcv/41Sn2emQ0dycQW4uZXLejwKvg6EsvbdlVL+FYEct7A==}
    dev: false
